
Microsoft Visual Studio Solution File, Format Version 12.00
# Visual Studio 15
VisualStudioVersion = 15.0.28307.329
MinimumVisualStudioVersion = 10.0.40219.1
Project("{A07B5EB6-E848-4116-A8D0-A826331D98C6}") = "ESFA.DC.ESF.R2", "ESFA.DC.ESF.R2\ESFA.DC.ESF.R2.sfproj", "{2658A7A9-6898-482B-8FE5-2E89DC265F0C}"
EndProject
Project("{FAE04EC0-301F-11D3-BF4B-00C04F79EFBC}") = "ESFA.DC.ESF.R2.Stateless", "ESFA.DC.ESF.R2.Stateless\ESFA.DC.ESF.R2.Stateless.csproj", "{78481300-11E2-4E22-8159-E40BDECE9976}"
EndProject
Project("{9A19103F-16F7-4668-BE54-9A1E7A4F7556}") = "ESFA.DC.ESF.R2.Service", "ESFA.DC.ESF.R2.Service\ESFA.DC.ESF.R2.Service.csproj", "{690B8C3C-D43A-4EE2-9494-A10A8F7AFD12}"
EndProject
Project("{FAE04EC0-301F-11D3-BF4B-00C04F79EFBC}") = "ESFA.DC.ESF.R2.Interfaces", "ESFA.DC.ESF.R2.Interfaces\ESFA.DC.ESF.R2.Interfaces.csproj", "{3EB1948D-7F0F-446F-A8B3-C3AB19531FE6}"
EndProject
Project("{9A19103F-16F7-4668-BE54-9A1E7A4F7556}") = "ESFA.DC.ESF.R2.Models", "ESFA.DC.ESF.R2.Models\ESFA.DC.ESF.R2.Models.csproj", "{5E5AAC56-E3D6-4A45-9028-D8A992E422B0}"
EndProject
Project("{FAE04EC0-301F-11D3-BF4B-00C04F79EFBC}") = "ESFA.DC.ESF.R2.Service.Config", "ESFA.DC.ESF.R2.Service.Config\ESFA.DC.ESF.R2.Service.Config.csproj", "{5CDFB079-A857-42CF-95F8-F6AF0FE0C179}"
EndProject
Project("{9A19103F-16F7-4668-BE54-9A1E7A4F7556}") = "ESFA.DC.ESF.R2.Utils", "ESFA.DC.ESF.R2.Utils\ESFA.DC.ESF.R2.Utils.csproj", "{C5001A71-FFDD-4868-9EE4-412E3205F284}"
EndProject
Project("{00D1A9C2-B5F0-4AF3-8072-F6C62B433612}") = "ESFA.DC.ESF.R2.Database", "ESFA.DC.ESF.R2.Database\ESFA.DC.ESF.R2.Database.sqlproj", "{C7772184-E527-4172-ADA4-50C704070D11}"
EndProject
Project("{9A19103F-16F7-4668-BE54-9A1E7A4F7556}") = "ESFA.DC.ESF.R2.EF.Console", "ESFA.DC.ESF.EF.Console\ESFA.DC.ESF.R2.EF.Console.csproj", "{92FB2E09-8A6D-4650-AC84-B49628217DD0}"
EndProject
Project("{9A19103F-16F7-4668-BE54-9A1E7A4F7556}") = "ESFA.DC.ESF.R2.Database.EF", "ESFA.DC.ESF.R2.Database.EF\ESFA.DC.ESF.R2.Database.EF.csproj", "{FA5D4376-7328-4828-AD72-5A7891600137}"
EndProject
Project("{FAE04EC0-301F-11D3-BF4B-00C04F79EFBC}") = "ESFA.DC.ESF.R2.DataAccessLayer", "ESFA.DC.ESF.R2.DataAccessLayer\ESFA.DC.ESF.R2.DataAccessLayer.csproj", "{E113D0A4-8CF5-46BF-A181-8C3BB92F785C}"
EndProject
Project("{FAE04EC0-301F-11D3-BF4B-00C04F79EFBC}") = "ESFA.DC.ESF.R2.DataStore", "ESFA.DC.ESF.R2.DataStore\ESFA.DC.ESF.R2.DataStore.csproj", "{D32C4BFC-7222-4C67-9301-45268FF5CE45}"
EndProject
Project("{2150E333-8FDC-42A3-9474-1A3956D46DE8}") = "Solution Items", "Solution Items", "{E778BE53-E086-4F03-A995-56F69509F61E}"
	ProjectSection(SolutionItems) = preProject
		..\azure-pipelines.yml = ..\azure-pipelines.yml
	EndProjectSection
EndProject
Project("{9A19103F-16F7-4668-BE54-9A1E7A4F7556}") = "ESFA.DC.ESF.R2.ValidationService", "ESFA.DC.ESF.R2.ValidationService\ESFA.DC.ESF.R2.ValidationService.csproj", "{A76D6F3B-0803-4EF7-A021-221D0BB214F7}"
EndProject
Project("{2150E333-8FDC-42A3-9474-1A3956D46DE8}") = "Unit Tests", "Unit Tests", "{6B08AF93-7642-45D5-91CD-1B2769FC9158}"
EndProject
Project("{FAE04EC0-301F-11D3-BF4B-00C04F79EFBC}") = "ESFA.DC.ESF.R2.Database.Tests", "ESFA.DC.ESF.R2.Database.Tests\ESFA.DC.ESF.R2.Database.Tests.csproj", "{48D323A0-1CF9-4BEF-AC11-EE5078F87DAF}"
EndProject
Project("{FAE04EC0-301F-11D3-BF4B-00C04F79EFBC}") = "ESFA.DC.ESF.R2.DataStore.Tests", "ESFA.DC.ESF.R2.DataStore.Tests\ESFA.DC.ESF.R2.DataStore.Tests.csproj", "{9B5A6A03-A136-48F5-AC8E-7B389F00F2D8}"
EndProject
Project("{FAE04EC0-301F-11D3-BF4B-00C04F79EFBC}") = "ESFA.DC.ESF.R2.Service.Stateless.Tests", "ESFA.DC.ESF.R2.Service.Stateless.Tests\ESFA.DC.ESF.R2.Service.Stateless.Tests.csproj", "{E6E542B0-AB2A-4131-8E43-2E5BA3998388}"
EndProject
Project("{FAE04EC0-301F-11D3-BF4B-00C04F79EFBC}") = "ESFA.DC.ESF.R2.ValidationService.Tests", "ESFA.DC.ESF.R2.ValidationService.Tests\ESFA.DC.ESF.R2.ValidationService.Tests.csproj", "{533909DB-C6F5-40AA-8E98-C000129D566F}"
EndProject
Project("{FAE04EC0-301F-11D3-BF4B-00C04F79EFBC}") = "ESFA.DC.ESF.R2.ReportingService", "ESFA.DC.ESF.R2.ReportingService\ESFA.DC.ESF.R2.ReportingService.csproj", "{DE38A36B-C220-4227-B10C-35E24C44EDCE}"
EndProject
Project("{FAE04EC0-301F-11D3-BF4B-00C04F79EFBC}") = "ESFA.DC.ESF.R2.ReportingService.Tests", "ESFA.DC.ESF.R2.ReportingService.Tests\ESFA.DC.ESF.R2.ReportingService.Tests.csproj", "{334A121C-7276-4F7D-A8A9-8EAF6D3FA689}"
EndProject
Global
	GlobalSection(SolutionConfigurationPlatforms) = preSolution
		Debug|Any CPU = Debug|Any CPU
		Debug|x64 = Debug|x64
		Release|Any CPU = Release|Any CPU
		Release|x64 = Release|x64
	EndGlobalSection
	GlobalSection(ProjectConfigurationPlatforms) = postSolution
		{2658A7A9-6898-482B-8FE5-2E89DC265F0C}.Debug|Any CPU.ActiveCfg = Debug|x64
		{2658A7A9-6898-482B-8FE5-2E89DC265F0C}.Debug|Any CPU.Build.0 = Debug|x64
		{2658A7A9-6898-482B-8FE5-2E89DC265F0C}.Debug|Any CPU.Deploy.0 = Debug|x64
		{2658A7A9-6898-482B-8FE5-2E89DC265F0C}.Debug|x64.ActiveCfg = Debug|x64
		{2658A7A9-6898-482B-8FE5-2E89DC265F0C}.Debug|x64.Build.0 = Debug|x64
		{2658A7A9-6898-482B-8FE5-2E89DC265F0C}.Debug|x64.Deploy.0 = Debug|x64
		{2658A7A9-6898-482B-8FE5-2E89DC265F0C}.Release|Any CPU.ActiveCfg = Release|x64
		{2658A7A9-6898-482B-8FE5-2E89DC265F0C}.Release|Any CPU.Build.0 = Release|x64
		{2658A7A9-6898-482B-8FE5-2E89DC265F0C}.Release|Any CPU.Deploy.0 = Release|x64
		{2658A7A9-6898-482B-8FE5-2E89DC265F0C}.Release|x64.ActiveCfg = Release|x64
		{2658A7A9-6898-482B-8FE5-2E89DC265F0C}.Release|x64.Build.0 = Release|x64
		{2658A7A9-6898-482B-8FE5-2E89DC265F0C}.Release|x64.Deploy.0 = Release|x64
		{78481300-11E2-4E22-8159-E40BDECE9976}.Debug|Any CPU.ActiveCfg = Debug|x64
		{78481300-11E2-4E22-8159-E40BDECE9976}.Debug|Any CPU.Build.0 = Debug|x64
		{78481300-11E2-4E22-8159-E40BDECE9976}.Debug|x64.ActiveCfg = Debug|x64
		{78481300-11E2-4E22-8159-E40BDECE9976}.Debug|x64.Build.0 = Debug|x64
		{78481300-11E2-4E22-8159-E40BDECE9976}.Release|Any CPU.ActiveCfg = Release|x64
		{78481300-11E2-4E22-8159-E40BDECE9976}.Release|Any CPU.Build.0 = Release|x64
		{78481300-11E2-4E22-8159-E40BDECE9976}.Release|x64.ActiveCfg = Release|x64
		{78481300-11E2-4E22-8159-E40BDECE9976}.Release|x64.Build.0 = Release|x64
		{690B8C3C-D43A-4EE2-9494-A10A8F7AFD12}.Debug|Any CPU.ActiveCfg = Debug|Any CPU
		{690B8C3C-D43A-4EE2-9494-A10A8F7AFD12}.Debug|Any CPU.Build.0 = Debug|Any CPU
		{690B8C3C-D43A-4EE2-9494-A10A8F7AFD12}.Debug|x64.ActiveCfg = Debug|Any CPU
		{690B8C3C-D43A-4EE2-9494-A10A8F7AFD12}.Debug|x64.Build.0 = Debug|Any CPU
		{690B8C3C-D43A-4EE2-9494-A10A8F7AFD12}.Release|Any CPU.ActiveCfg = Release|Any CPU
		{690B8C3C-D43A-4EE2-9494-A10A8F7AFD12}.Release|Any CPU.Build.0 = Release|Any CPU
		{690B8C3C-D43A-4EE2-9494-A10A8F7AFD12}.Release|x64.ActiveCfg = Release|Any CPU
		{690B8C3C-D43A-4EE2-9494-A10A8F7AFD12}.Release|x64.Build.0 = Release|Any CPU
		{3EB1948D-7F0F-446F-A8B3-C3AB19531FE6}.Debug|Any CPU.ActiveCfg = Debug|Any CPU
		{3EB1948D-7F0F-446F-A8B3-C3AB19531FE6}.Debug|Any CPU.Build.0 = Debug|Any CPU
		{3EB1948D-7F0F-446F-A8B3-C3AB19531FE6}.Debug|x64.ActiveCfg = Debug|Any CPU
		{3EB1948D-7F0F-446F-A8B3-C3AB19531FE6}.Debug|x64.Build.0 = Debug|Any CPU
		{3EB1948D-7F0F-446F-A8B3-C3AB19531FE6}.Release|Any CPU.ActiveCfg = Release|Any CPU
		{3EB1948D-7F0F-446F-A8B3-C3AB19531FE6}.Release|Any CPU.Build.0 = Release|Any CPU
		{3EB1948D-7F0F-446F-A8B3-C3AB19531FE6}.Release|x64.ActiveCfg = Release|Any CPU
		{3EB1948D-7F0F-446F-A8B3-C3AB19531FE6}.Release|x64.Build.0 = Release|Any CPU
		{5E5AAC56-E3D6-4A45-9028-D8A992E422B0}.Debug|Any CPU.ActiveCfg = Debug|Any CPU
		{5E5AAC56-E3D6-4A45-9028-D8A992E422B0}.Debug|Any CPU.Build.0 = Debug|Any CPU
		{5E5AAC56-E3D6-4A45-9028-D8A992E422B0}.Debug|x64.ActiveCfg = Debug|Any CPU
		{5E5AAC56-E3D6-4A45-9028-D8A992E422B0}.Debug|x64.Build.0 = Debug|Any CPU
		{5E5AAC56-E3D6-4A45-9028-D8A992E422B0}.Release|Any CPU.ActiveCfg = Release|Any CPU
		{5E5AAC56-E3D6-4A45-9028-D8A992E422B0}.Release|Any CPU.Build.0 = Release|Any CPU
		{5E5AAC56-E3D6-4A45-9028-D8A992E422B0}.Release|x64.ActiveCfg = Release|Any CPU
		{5E5AAC56-E3D6-4A45-9028-D8A992E422B0}.Release|x64.Build.0 = Release|Any CPU
		{5CDFB079-A857-42CF-95F8-F6AF0FE0C179}.Debug|Any CPU.ActiveCfg = Debug|Any CPU
		{5CDFB079-A857-42CF-95F8-F6AF0FE0C179}.Debug|Any CPU.Build.0 = Debug|Any CPU
		{5CDFB079-A857-42CF-95F8-F6AF0FE0C179}.Debug|x64.ActiveCfg = Debug|Any CPU
		{5CDFB079-A857-42CF-95F8-F6AF0FE0C179}.Debug|x64.Build.0 = Debug|Any CPU
		{5CDFB079-A857-42CF-95F8-F6AF0FE0C179}.Release|Any CPU.ActiveCfg = Release|Any CPU
		{5CDFB079-A857-42CF-95F8-F6AF0FE0C179}.Release|Any CPU.Build.0 = Release|Any CPU
		{5CDFB079-A857-42CF-95F8-F6AF0FE0C179}.Release|x64.ActiveCfg = Release|Any CPU
		{5CDFB079-A857-42CF-95F8-F6AF0FE0C179}.Release|x64.Build.0 = Release|Any CPU
		{C5001A71-FFDD-4868-9EE4-412E3205F284}.Debug|Any CPU.ActiveCfg = Debug|Any CPU
		{C5001A71-FFDD-4868-9EE4-412E3205F284}.Debug|Any CPU.Build.0 = Debug|Any CPU
		{C5001A71-FFDD-4868-9EE4-412E3205F284}.Debug|x64.ActiveCfg = Debug|Any CPU
		{C5001A71-FFDD-4868-9EE4-412E3205F284}.Debug|x64.Build.0 = Debug|Any CPU
		{C5001A71-FFDD-4868-9EE4-412E3205F284}.Release|Any CPU.ActiveCfg = Release|Any CPU
		{C5001A71-FFDD-4868-9EE4-412E3205F284}.Release|Any CPU.Build.0 = Release|Any CPU
		{C5001A71-FFDD-4868-9EE4-412E3205F284}.Release|x64.ActiveCfg = Release|Any CPU
		{C5001A71-FFDD-4868-9EE4-412E3205F284}.Release|x64.Build.0 = Release|Any CPU
		{C7772184-E527-4172-ADA4-50C704070D11}.Debug|Any CPU.ActiveCfg = Debug|Any CPU
		{C7772184-E527-4172-ADA4-50C704070D11}.Debug|Any CPU.Build.0 = Debug|Any CPU
		{C7772184-E527-4172-ADA4-50C704070D11}.Debug|Any CPU.Deploy.0 = Debug|Any CPU
		{C7772184-E527-4172-ADA4-50C704070D11}.Debug|x64.ActiveCfg = Debug|Any CPU
		{C7772184-E527-4172-ADA4-50C704070D11}.Debug|x64.Build.0 = Debug|Any CPU
		{C7772184-E527-4172-ADA4-50C704070D11}.Debug|x64.Deploy.0 = Debug|Any CPU
		{C7772184-E527-4172-ADA4-50C704070D11}.Release|Any CPU.ActiveCfg = Release|Any CPU
		{C7772184-E527-4172-ADA4-50C704070D11}.Release|Any CPU.Build.0 = Release|Any CPU
		{C7772184-E527-4172-ADA4-50C704070D11}.Release|Any CPU.Deploy.0 = Release|Any CPU
		{C7772184-E527-4172-ADA4-50C704070D11}.Release|x64.ActiveCfg = Release|Any CPU
		{C7772184-E527-4172-ADA4-50C704070D11}.Release|x64.Build.0 = Release|Any CPU
		{C7772184-E527-4172-ADA4-50C704070D11}.Release|x64.Deploy.0 = Release|Any CPU
		{92FB2E09-8A6D-4650-AC84-B49628217DD0}.Debug|Any CPU.ActiveCfg = Debug|Any CPU
		{92FB2E09-8A6D-4650-AC84-B49628217DD0}.Debug|Any CPU.Build.0 = Debug|Any CPU
		{92FB2E09-8A6D-4650-AC84-B49628217DD0}.Debug|x64.ActiveCfg = Debug|Any CPU
		{92FB2E09-8A6D-4650-AC84-B49628217DD0}.Debug|x64.Build.0 = Debug|Any CPU
		{92FB2E09-8A6D-4650-AC84-B49628217DD0}.Release|Any CPU.ActiveCfg = Release|Any CPU
		{92FB2E09-8A6D-4650-AC84-B49628217DD0}.Release|Any CPU.Build.0 = Release|Any CPU
		{92FB2E09-8A6D-4650-AC84-B49628217DD0}.Release|x64.ActiveCfg = Release|Any CPU
		{92FB2E09-8A6D-4650-AC84-B49628217DD0}.Release|x64.Build.0 = Release|Any CPU
		{FA5D4376-7328-4828-AD72-5A7891600137}.Debug|Any CPU.ActiveCfg = Debug|Any CPU
		{FA5D4376-7328-4828-AD72-5A7891600137}.Debug|Any CPU.Build.0 = Debug|Any CPU
		{FA5D4376-7328-4828-AD72-5A7891600137}.Debug|x64.ActiveCfg = Debug|Any CPU
		{FA5D4376-7328-4828-AD72-5A7891600137}.Debug|x64.Build.0 = Debug|Any CPU
		{FA5D4376-7328-4828-AD72-5A7891600137}.Release|Any CPU.ActiveCfg = Release|Any CPU
		{FA5D4376-7328-4828-AD72-5A7891600137}.Release|Any CPU.Build.0 = Release|Any CPU
		{FA5D4376-7328-4828-AD72-5A7891600137}.Release|x64.ActiveCfg = Release|Any CPU
		{FA5D4376-7328-4828-AD72-5A7891600137}.Release|x64.Build.0 = Release|Any CPU
		{E113D0A4-8CF5-46BF-A181-8C3BB92F785C}.Debug|Any CPU.ActiveCfg = Debug|Any CPU
		{E113D0A4-8CF5-46BF-A181-8C3BB92F785C}.Debug|Any CPU.Build.0 = Debug|Any CPU
		{E113D0A4-8CF5-46BF-A181-8C3BB92F785C}.Debug|x64.ActiveCfg = Debug|Any CPU
		{E113D0A4-8CF5-46BF-A181-8C3BB92F785C}.Debug|x64.Build.0 = Debug|Any CPU
		{E113D0A4-8CF5-46BF-A181-8C3BB92F785C}.Release|Any CPU.ActiveCfg = Release|Any CPU
		{E113D0A4-8CF5-46BF-A181-8C3BB92F785C}.Release|Any CPU.Build.0 = Release|Any CPU
		{E113D0A4-8CF5-46BF-A181-8C3BB92F785C}.Release|x64.ActiveCfg = Release|Any CPU
		{E113D0A4-8CF5-46BF-A181-8C3BB92F785C}.Release|x64.Build.0 = Release|Any CPU
		{D32C4BFC-7222-4C67-9301-45268FF5CE45}.Debug|Any CPU.ActiveCfg = Debug|Any CPU
		{D32C4BFC-7222-4C67-9301-45268FF5CE45}.Debug|Any CPU.Build.0 = Debug|Any CPU
		{D32C4BFC-7222-4C67-9301-45268FF5CE45}.Debug|x64.ActiveCfg = Debug|Any CPU
		{D32C4BFC-7222-4C67-9301-45268FF5CE45}.Debug|x64.Build.0 = Debug|Any CPU
		{D32C4BFC-7222-4C67-9301-45268FF5CE45}.Release|Any CPU.ActiveCfg = Release|Any CPU
		{D32C4BFC-7222-4C67-9301-45268FF5CE45}.Release|Any CPU.Build.0 = Release|Any CPU
		{D32C4BFC-7222-4C67-9301-45268FF5CE45}.Release|x64.ActiveCfg = Release|Any CPU
		{D32C4BFC-7222-4C67-9301-45268FF5CE45}.Release|x64.Build.0 = Release|Any CPU
		{A76D6F3B-0803-4EF7-A021-221D0BB214F7}.Debug|Any CPU.ActiveCfg = Debug|Any CPU
		{A76D6F3B-0803-4EF7-A021-221D0BB214F7}.Debug|Any CPU.Build.0 = Debug|Any CPU
		{A76D6F3B-0803-4EF7-A021-221D0BB214F7}.Debug|x64.ActiveCfg = Debug|Any CPU
		{A76D6F3B-0803-4EF7-A021-221D0BB214F7}.Debug|x64.Build.0 = Debug|Any CPU
		{A76D6F3B-0803-4EF7-A021-221D0BB214F7}.Release|Any CPU.ActiveCfg = Release|Any CPU
		{A76D6F3B-0803-4EF7-A021-221D0BB214F7}.Release|Any CPU.Build.0 = Release|Any CPU
		{A76D6F3B-0803-4EF7-A021-221D0BB214F7}.Release|x64.ActiveCfg = Release|Any CPU
		{A76D6F3B-0803-4EF7-A021-221D0BB214F7}.Release|x64.Build.0 = Release|Any CPU
		{48D323A0-1CF9-4BEF-AC11-EE5078F87DAF}.Debug|Any CPU.ActiveCfg = Debug|Any CPU
		{48D323A0-1CF9-4BEF-AC11-EE5078F87DAF}.Debug|Any CPU.Build.0 = Debug|Any CPU
		{48D323A0-1CF9-4BEF-AC11-EE5078F87DAF}.Debug|x64.ActiveCfg = Debug|Any CPU
		{48D323A0-1CF9-4BEF-AC11-EE5078F87DAF}.Debug|x64.Build.0 = Debug|Any CPU
		{48D323A0-1CF9-4BEF-AC11-EE5078F87DAF}.Release|Any CPU.ActiveCfg = Release|Any CPU
		{48D323A0-1CF9-4BEF-AC11-EE5078F87DAF}.Release|Any CPU.Build.0 = Release|Any CPU
		{48D323A0-1CF9-4BEF-AC11-EE5078F87DAF}.Release|x64.ActiveCfg = Release|Any CPU
		{48D323A0-1CF9-4BEF-AC11-EE5078F87DAF}.Release|x64.Build.0 = Release|Any CPU
		{9B5A6A03-A136-48F5-AC8E-7B389F00F2D8}.Debug|Any CPU.ActiveCfg = Debug|Any CPU
		{9B5A6A03-A136-48F5-AC8E-7B389F00F2D8}.Debug|Any CPU.Build.0 = Debug|Any CPU
		{9B5A6A03-A136-48F5-AC8E-7B389F00F2D8}.Debug|x64.ActiveCfg = Debug|Any CPU
		{9B5A6A03-A136-48F5-AC8E-7B389F00F2D8}.Debug|x64.Build.0 = Debug|Any CPU
		{9B5A6A03-A136-48F5-AC8E-7B389F00F2D8}.Release|Any CPU.ActiveCfg = Release|Any CPU
		{9B5A6A03-A136-48F5-AC8E-7B389F00F2D8}.Release|Any CPU.Build.0 = Release|Any CPU
		{9B5A6A03-A136-48F5-AC8E-7B389F00F2D8}.Release|x64.ActiveCfg = Release|Any CPU
		{9B5A6A03-A136-48F5-AC8E-7B389F00F2D8}.Release|x64.Build.0 = Release|Any CPU
		{E6E542B0-AB2A-4131-8E43-2E5BA3998388}.Debug|Any CPU.ActiveCfg = Debug|Any CPU
		{E6E542B0-AB2A-4131-8E43-2E5BA3998388}.Debug|Any CPU.Build.0 = Debug|Any CPU
		{E6E542B0-AB2A-4131-8E43-2E5BA3998388}.Debug|x64.ActiveCfg = Debug|x64
		{E6E542B0-AB2A-4131-8E43-2E5BA3998388}.Debug|x64.Build.0 = Debug|x64
		{E6E542B0-AB2A-4131-8E43-2E5BA3998388}.Release|Any CPU.ActiveCfg = Release|x64
		{E6E542B0-AB2A-4131-8E43-2E5BA3998388}.Release|Any CPU.Build.0 = Release|x64
		{E6E542B0-AB2A-4131-8E43-2E5BA3998388}.Release|x64.ActiveCfg = Release|x64
		{E6E542B0-AB2A-4131-8E43-2E5BA3998388}.Release|x64.Build.0 = Release|x64
		{533909DB-C6F5-40AA-8E98-C000129D566F}.Debug|Any CPU.ActiveCfg = Debug|Any CPU
		{533909DB-C6F5-40AA-8E98-C000129D566F}.Debug|Any CPU.Build.0 = Debug|Any CPU
		{533909DB-C6F5-40AA-8E98-C000129D566F}.Debug|x64.ActiveCfg = Debug|x64
		{533909DB-C6F5-40AA-8E98-C000129D566F}.Debug|x64.Build.0 = Debug|x64
		{533909DB-C6F5-40AA-8E98-C000129D566F}.Release|Any CPU.ActiveCfg = Release|x64
		{533909DB-C6F5-40AA-8E98-C000129D566F}.Release|Any CPU.Build.0 = Release|x64
		{533909DB-C6F5-40AA-8E98-C000129D566F}.Release|x64.ActiveCfg = Release|x64
		{533909DB-C6F5-40AA-8E98-C000129D566F}.Release|x64.Build.0 = Release|x64
		{DE38A36B-C220-4227-B10C-35E24C44EDCE}.Debug|Any CPU.ActiveCfg = Debug|Any CPU
		{DE38A36B-C220-4227-B10C-35E24C44EDCE}.Debug|Any CPU.Build.0 = Debug|Any CPU
		{DE38A36B-C220-4227-B10C-35E24C44EDCE}.Debug|x64.ActiveCfg = Debug|Any CPU
		{DE38A36B-C220-4227-B10C-35E24C44EDCE}.Debug|x64.Build.0 = Debug|Any CPU
		{DE38A36B-C220-4227-B10C-35E24C44EDCE}.Release|Any CPU.ActiveCfg = Release|Any CPU
		{DE38A36B-C220-4227-B10C-35E24C44EDCE}.Release|Any CPU.Build.0 = Release|Any CPU
		{DE38A36B-C220-4227-B10C-35E24C44EDCE}.Release|x64.ActiveCfg = Release|Any CPU
		{DE38A36B-C220-4227-B10C-35E24C44EDCE}.Release|x64.Build.0 = Release|Any CPU
		{334A121C-7276-4F7D-A8A9-8EAF6D3FA689}.Debug|Any CPU.ActiveCfg = Debug|Any CPU
		{334A121C-7276-4F7D-A8A9-8EAF6D3FA689}.Debug|Any CPU.Build.0 = Debug|Any CPU
		{334A121C-7276-4F7D-A8A9-8EAF6D3FA689}.Debug|x64.ActiveCfg = Debug|Any CPU
		{334A121C-7276-4F7D-A8A9-8EAF6D3FA689}.Debug|x64.Build.0 = Debug|Any CPU
		{334A121C-7276-4F7D-A8A9-8EAF6D3FA689}.Release|Any CPU.ActiveCfg = Release|Any CPU
		{334A121C-7276-4F7D-A8A9-8EAF6D3FA689}.Release|Any CPU.Build.0 = Release|Any CPU
		{334A121C-7276-4F7D-A8A9-8EAF6D3FA689}.Release|x64.ActiveCfg = Release|Any CPU
		{334A121C-7276-4F7D-A8A9-8EAF6D3FA689}.Release|x64.Build.0 = Release|Any CPU
	EndGlobalSection
	GlobalSection(SolutionProperties) = preSolution
		HideSolutionNode = FALSE
	EndGlobalSection
	GlobalSection(NestedProjects) = preSolution
		{48D323A0-1CF9-4BEF-AC11-EE5078F87DAF} = {6B08AF93-7642-45D5-91CD-1B2769FC9158}
		{9B5A6A03-A136-48F5-AC8E-7B389F00F2D8} = {6B08AF93-7642-45D5-91CD-1B2769FC9158}
		{E6E542B0-AB2A-4131-8E43-2E5BA3998388} = {6B08AF93-7642-45D5-91CD-1B2769FC9158}
		{533909DB-C6F5-40AA-8E98-C000129D566F} = {6B08AF93-7642-45D5-91CD-1B2769FC9158}
		{334A121C-7276-4F7D-A8A9-8EAF6D3FA689} = {6B08AF93-7642-45D5-91CD-1B2769FC9158}
	EndGlobalSection
	GlobalSection(ExtensibilityGlobals) = postSolution
		SolutionGuid = {8E814EFD-0B02-4962-B1B8-EF5D1B25752A}
	EndGlobalSection
EndGlobal
